
Microsoft Visual Studio Solution File, Format Version 11.00
# Visual Studio 2010
Project("{8BC9CEB8-8B4A-11D0-8D11-00A0C91BC942}") = "Emerald Nightmare Launcher", "Emerald Nightmare Launcher\Emerald Nightmare Launcher.vcxproj", "{F6DE7717-90A4-4734-BB11-87B39F8417CE}"
EndProject
Project("{8BC9CEB8-8B4A-11D0-8D11-00A0C91BC942}") = "AutoUpdater", "Emerald Nightmare Launcher AutoUpdate\Emerald Nightmare Launcher AutoUpdate.vcxproj", "{DEB7B6D6-9F6C-4D70-AAF3-6665E50C8A06}"
EndProject
Project("{8BC9CEB8-8B4A-11D0-8D11-00A0C91BC942}") = "WowError", "WowError\WowError.vcxproj", "{E7DD8B9B-951D-4B3F-906E-983820B0187D}"
EndProject
Project("{8BC9CEB8-8B4A-11D0-8D11-00A0C91BC942}") = "WardenFix", "WardenFix\WardenFix.vcxproj", "{D65515BC-1E64-4F83-BD65-57A3DE1D17B2}"
EndProject
Project("{8BC9CEB8-8B4A-11D0-8D11-00A0C91BC942}") = "StormProxy", "Storm\StormLib_test.vcxproj", "{AA561A7B-26EA-49AF-90E8-C53C1FA2965D}"
EndProject
Global
	GlobalSection(SolutionConfigurationPlatforms) = preSolution
		Debug|Win32 = Debug|Win32
		Release|Win32 = Release|Win32
	EndGlobalSection
	GlobalSection(ProjectConfigurationPlatforms) = postSolution
		{F6DE7717-90A4-4734-BB11-87B39F8417CE}.Debug|Win32.ActiveCfg = Debug|Win32
		{F6DE7717-90A4-4734-BB11-87B39F8417CE}.Debug|Win32.Build.0 = Debug|Win32
		{F6DE7717-90A4-4734-BB11-87B39F8417CE}.Release|Win32.ActiveCfg = Release|Win32
		{F6DE7717-90A4-4734-BB11-87B39F8417CE}.Release|Win32.Build.0 = Release|Win32
		{DEB7B6D6-9F6C-4D70-AAF3-6665E50C8A06}.Debug|Win32.ActiveCfg = Debug|Win32
		{DEB7B6D6-9F6C-4D70-AAF3-6665E50C8A06}.Debug|Win32.Build.0 = Debug|Win32
		{DEB7B6D6-9F6C-4D70-AAF3-6665E50C8A06}.Release|Win32.ActiveCfg = Release|Win32
		{DEB7B6D6-9F6C-4D70-AAF3-6665E50C8A06}.Release|Win32.Build.0 = Release|Win32
		{E7DD8B9B-951D-4B3F-906E-983820B0187D}.Debug|Win32.ActiveCfg = Debug|Win32
		{E7DD8B9B-951D-4B3F-906E-983820B0187D}.Debug|Win32.Build.0 = Debug|Win32
		{E7DD8B9B-951D-4B3F-906E-983820B0187D}.Release|Win32.ActiveCfg = Release|Win32
		{E7DD8B9B-951D-4B3F-906E-983820B0187D}.Release|Win32.Build.0 = Release|Win32
		{D65515BC-1E64-4F83-BD65-57A3DE1D17B2}.Debug|Win32.ActiveCfg = Debug|Win32
		{D65515BC-1E64-4F83-BD65-57A3DE1D17B2}.Debug|Win32.Build.0 = Debug|Win32
		{D65515BC-1E64-4F83-BD65-57A3DE1D17B2}.Release|Win32.ActiveCfg = Release|Win32
		{D65515BC-1E64-4F83-BD65-57A3DE1D17B2}.Release|Win32.Build.0 = Release|Win32
		{AA561A7B-26EA-49AF-90E8-C53C1FA2965D}.Debug|Win32.ActiveCfg = Debug|Win32
		{AA561A7B-26EA-49AF-90E8-C53C1FA2965D}.Debug|Win32.Build.0 = Debug|Win32
		{AA561A7B-26EA-49AF-90E8-C53C1FA2965D}.Release|Win32.ActiveCfg = Release|Win32
		{AA561A7B-26EA-49AF-90E8-C53C1FA2965D}.Release|Win32.Build.0 = Release|Win32
	EndGlobalSection
	GlobalSection(SolutionProperties) = preSolution
		HideSolutionNode = FALSE
	EndGlobalSection
EndGlobal
